// !$*UTF8*$!
{
	archiveVersion = 1;
	classes = {
	};
	objectVersion = 77;
	objects = {

/* Begin PBXContainerItemProxy section */
		576CCF392E6E0EB800D9D8BD /* PBXContainerItemProxy */ = {
			isa = PBXContainerItemProxy;
			containerPortal = 576CCF212E6E0EB500D9D8BD /* Project object */;
			proxyType = 1;
			remoteGlobalIDString = 576CCF282E6E0EB500D9D8BD;
			remoteInfo = theEPLreview;
		};
		576CCF432E6E0EB800D9D8BD /* PBXContainerItemProxy */ = {
			isa = PBXContainerItemProxy;
			containerPortal = 576CCF212E6E0EB500D9D8BD /* Project object */;
			proxyType = 1;
			remoteGlobalIDString = 576CCF282E6E0EB500D9D8BD;
			remoteInfo = theEPLreview;
		};
/* End PBXContainerItemProxy section */

/* Begin PBXFileReference section */
		576CCF292E6E0EB500D9D8BD /* theEPLreview.app */ = {isa = PBXFileReference; explicitFileType = wrapper.application; includeInIndex = 0; path = theEPLreview.app; sourceTree = BUILT_PRODUCTS_DIR; };
		576CCF382E6E0EB800D9D8BD /* theEPLreviewTests.xctest */ = {isa = PBXFileReference; explicitFileType = wrapper.cfbundle; includeInIndex = 0; path = theEPLreviewTests.xctest; sourceTree = BUILT_PRODUCTS_DIR; };
		576CCF422E6E0EB800D9D8BD /* theEPLreviewUITests.xctest */ = {isa = PBXFileReference; explicitFileType = wrapper.cfbundle; includeInIndex = 0; path = theEPLreviewUITests.xctest; sourceTree = BUILT_PRODUCTS_DIR; };
/* End PBXFileReference section */

/* Begin PBXFileSystemSynchronizedRootGroup section */
		576CCF2B2E6E0EB500D9D8BD /* theEPLreview */ = {
			isa = PBXFileSystemSynchronizedRootGroup;
			path = theEPLreview;
			sourceTree = "<group>";
		};
		576CCF3B2E6E0EB800D9D8BD /* theEPLreviewTests */ = {
			isa = PBXFileSystemSynchronizedRootGroup;
			path = theEPLreviewTests;
			sourceTree = "<group>";
		};
		576CCF452E6E0EB800D9D8BD /* theEPLreviewUITests */ = {
			isa = PBXFileSystemSynchronizedRootGroup;
			path = theEPLreviewUITests;
			sourceTree = "<group>";
		};
/* End PBXFileSystemSynchronizedRootGroup section */

/* Begin PBXFrameworksBuildPhase section */
		576CCF262E6E0EB500D9D8BD /* Frameworks */ = {
			isa = PBXFrameworksBuildPhase;
			buildActionMask = 2147483647;
			files = (
			);
			runOnlyForDeploymentPostprocessing = 0;
		};
		576CCF352E6E0EB800D9D8BD /* Frameworks */ = {
			isa = PBXFrameworksBuildPhase;
			buildActionMask = 2147483647;
			files = (
			);
			runOnlyForDeploymentPostprocessing = 0;
		};
		576CCF3F2E6E0EB800D9D8BD /* Frameworks */ = {
			isa = PBXFrameworksBuildPhase;
			buildActionMask = 2147483647;
			files = (
			);
			runOnlyForDeploymentPostprocessing = 0;
		};
/* End PBXFrameworksBuildPhase section */

/* Begin PBXGroup section */
		576CCF202E6E0EB500D9D8BD = {
			isa = PBXGroup;
			children = (
				576CCF2B2E6E0EB500D9D8BD /* theEPLreview */,
				576CCF3B2E6E0EB800D9D8BD /* theEPLreviewTests */,
				576CCF452E6E0EB800D9D8BD /* theEPLreviewUITests */,
				576CCF2A2E6E0EB500D9D8BD /* Products */,
			);
			sourceTree = "<group>";
		};
		576CCF2A2E6E0EB500D9D8BD /* Products */ = {
			isa = PBXGroup;
			children = (
				576CCF292E6E0EB500D9D8BD /* theEPLreview.app */,
				576CCF382E6E0EB800D9D8BD /* theEPLreviewTests.xctest */,
				576CCF422E6E0EB800D9D8BD /* theEPLreviewUITests.xctest */,
			);
			name = Products;
			sourceTree = "<group>";
		};
/* End PBXGroup section */

/* Begin PBXNativeTarget section */
		576CCF282E6E0EB500D9D8BD /* theEPLreview */ = {
			isa = PBXNativeTarget;
			buildConfigurationList = 576CCF4C2E6E0EB800D9D8BD /* Build configuration list for PBXNativeTarget "theEPLreview" */;
			buildPhases = (
				576CCF252E6E0EB500D9D8BD /* Sources */,
				576CCF262E6E0EB500D9D8BD /* Frameworks */,
				576CCF272E6E0EB500D9D8BD /* Resources */,
			);
			buildRules = (
			);
			dependencies = (
			);
			fileSystemSynchronizedGroups = (
				576CCF2B2E6E0EB500D9D8BD /* theEPLreview */,
			);
			name = theEPLreview;
			packageProductDependencies = (
			);
			productName = theEPLreview;
			productReference = 576CCF292E6E0EB500D9D8BD /* theEPLreview.app */;
			productType = "com.apple.product-type.application";
		};
		576CCF372E6E0EB800D9D8BD /* theEPLreviewTests */ = {
			isa = PBXNativeTarget;
			buildConfigurationList = 576CCF4F2E6E0EB800D9D8BD /* Build configuration list for PBXNativeTarget "theEPLreviewTests" */;
			buildPhases = (
				576CCF342E6E0EB800D9D8BD /* Sources */,
				576CCF352E6E0EB800D9D8BD /* Frameworks */,
				576CCF362E6E0EB800D9D8BD /* Resources */,
			);
			buildRules = (
			);
			dependencies = (
				576CCF3A2E6E0EB800D9D8BD /* PBXTargetDependency */,
			);
			fileSystemSynchronizedGroups = (
				576CCF3B2E6E0EB800D9D8BD /* theEPLreviewTests */,
			);
			name = theEPLreviewTests;
			packageProductDependencies = (
			);
			productName = theEPLreviewTests;
			productReference = 576CCF382E6E0EB800D9D8BD /* theEPLreviewTests.xctest */;
			productType = "com.apple.product-type.bundle.unit-test";
		};
		576CCF412E6E0EB800D9D8BD /* theEPLreviewUITests */ = {
			isa = PBXNativeTarget;
			buildConfigurationList = 576CCF522E6E0EB800D9D8BD /* Build configuration list for PBXNativeTarget "theEPLreviewUITests" */;
			buildPhases = (
				576CCF3E2E6E0EB800D9D8BD /* Sources */,
				576CCF3F2E6E0EB800D9D8BD /* Frameworks */,
				576CCF402E6E0EB800D9D8BD /* Resources */,
			);
			buildRules = (
			);
			dependencies = (
				576CCF442E6E0EB800D9D8BD /* PBXTargetDependency */,
			);
			fileSystemSynchronizedGroups = (
				576CCF452E6E0EB800D9D8BD /* theEPLreviewUITests */,
			);
			name = theEPLreviewUITests;
			packageProductDependencies = (
			);
			productName = theEPLreviewUITests;
			productReference = 576CCF422E6E0EB800D9D8BD /* theEPLreviewUITests.xctest */;
			productType = "com.apple.product-type.bundle.ui-testing";
		};
/* End PBXNativeTarget section */

/* Begin PBXProject section */
		576CCF212E6E0EB500D9D8BD /* Project object */ = {
			isa = PBXProject;
			attributes = {
				BuildIndependentTargetsInParallel = 1;
				LastSwiftUpdateCheck = 1640;
				LastUpgradeCheck = 1640;
				TargetAttributes = {
					576CCF282E6E0EB500D9D8BD = {
						CreatedOnToolsVersion = 16.4;
					};
					576CCF372E6E0EB800D9D8BD = {
						CreatedOnToolsVersion = 16.4;
						TestTargetID = 576CCF282E6E0EB500D9D8BD;
					};
					576CCF412E6E0EB800D9D8BD = {
						CreatedOnToolsVersion = 16.4;
						TestTargetID = 576CCF282E6E0EB500D9D8BD;
					};
				};
			};
			buildConfigurationList = 576CCF242E6E0EB500D9D8BD /* Build configuration list for PBXProject "theEPLreview" */;
			developmentRegion = en;
			hasScannedForEncodings = 0;
			knownRegions = (
				en,
				Base,
			);
			mainGroup = 576CCF202E6E0EB500D9D8BD;
			minimizedProjectReferenceProxies = 1;
			preferredProjectObjectVersion = 77;
			productRefGroup = 576CCF2A2E6E0EB500D9D8BD /* Products */;
			projectDirPath = "";
			projectRoot = "";
			targets = (
				576CCF282E6E0EB500D9D8BD /* theEPLreview */,
				576CCF372E6E0EB800D9D8BD /* theEPLreviewTests */,
				576CCF412E6E0EB800D9D8BD /* theEPLreviewUITests */,
			);
		};
/* End PBXProject section */

/* Begin PBXResourcesBuildPhase section */
		576CCF272E6E0EB500D9D8BD /* Resources */ = {
			isa = PBXResourcesBuildPhase;
			buildActionMask = 2147483647;
			files = (
			);
			runOnlyForDeploymentPostprocessing = 0;
		};
		576CCF362E6E0EB800D9D8BD /* Resources */ = {
			isa = PBXResourcesBuildPhase;
			buildActionMask = 2147483647;
			files = (
			);
			runOnlyForDeploymentPostprocessing = 0;
		};
		576CCF402E6E0EB800D9D8BD /* Resources */ = {
			isa = PBXResourcesBuildPhase;
			buildActionMask = 2147483647;
			files = (
			);
			runOnlyForDeploymentPostprocessing = 0;
		};
/* End PBXResourcesBuildPhase section */

/* Begin PBXSourcesBuildPhase section */
		576CCF252E6E0EB500D9D8BD /* Sources */ = {
			isa = PBXSourcesBuildPhase;
			buildActionMask = 2147483647;
			files = (
			);
			runOnlyForDeploymentPostprocessing = 0;
		};
		576CCF342E6E0EB800D9D8BD /* Sources */ = {
			isa = PBXSourcesBuildPhase;
			buildActionMask = 2147483647;
			files = (
			);
			runOnlyForDeploymentPostprocessing = 0;
		};
		576CCF3E2E6E0EB800D9D8BD /* Sources */ = {
			isa = PBXSourcesBuildPhase;
			buildActionMask = 2147483647;
			files = (
			);
			runOnlyForDeploymentPostprocessing = 0;
		};
/* End PBXSourcesBuildPhase section */

/* Begin PBXTargetDependency section */
		576CCF3A2E6E0EB800D9D8BD /* PBXTargetDependency */ = {
			isa = PBXTargetDependency;
			target = 576CCF282E6E0EB500D9D8BD /* theEPLreview */;
			targetProxy = 576CCF392E6E0EB800D9D8BD /* PBXContainerItemProxy */;
		};
		576CCF442E6E0EB800D9D8BD /* PBXTargetDependency */ = {
			isa = PBXTargetDependency;
			target = 576CCF282E6E0EB500D9D8BD /* theEPLreview */;
			targetProxy = 576CCF432E6E0EB800D9D8BD /* PBXContainerItemProxy */;
		};
/* End PBXTargetDependency section */

/* Begin XCBuildConfiguration section */
		576CCF4A2E6E0EB800D9D8BD /* Debug */ = {
			isa = XCBuildConfiguration;
			buildSettings = {
				ALWAYS_SEARCH_USER_PATHS = NO;
				ASSETCATALOG_COMPILER_GENERATE_SWIFT_ASSET_SYMBOL_EXTENSIONS = YES;
				CLANG_ANALYZER_NONNULL = YES;
				CLANG_ANALYZER_NUMBER_OBJECT_CONVERSION = YES_AGGRESSIVE;
				CLANG_CXX_LANGUAGE_STANDARD = "gnu++20";
				CLANG_ENABLE_MODULES = YES;
				CLANG_ENABLE_OBJC_ARC = YES;
				CLANG_ENABLE_OBJC_WEAK = YES;
				CLANG_WARN_BLOCK_CAPTURE_AUTORELEASING = YES;
				CLANG_WARN_BOOL_CONVERSION = YES;
				CLANG_WARN_COMMA = YES;
				CLANG_WARN_CONSTANT_CONVERSION = YES;
				CLANG_WARN_DEPRECATED_OBJC_IMPLEMENTATIONS = YES;
				CLANG_WARN_DIRECT_OBJC_ISA_USAGE = YES_ERROR;
				CLANG_WARN_DOCUMENTATION_COMMENTS = YES;
				CLANG_WARN_EMPTY_BODY = YES;
				CLANG_WARN_ENUM_CONVERSION = YES;
				CLANG_WARN_INFINITE_RECURSION = YES;
				CLANG_WARN_INT_CONVERSION = YES;
				CLANG_WARN_NON_LITERAL_NULL_CONVERSION = YES;
				CLANG_WARN_OBJC_IMPLICIT_RETAIN_SELF = YES;
				CLANG_WARN_OBJC_LITERAL_CONVERSION = YES;
				CLANG_WARN_OBJC_ROOT_CLASS = YES_ERROR;
				CLANG_WARN_QUOTED_INCLUDE_IN_FRAMEWORK_HEADER = YES;
				CLANG_WARN_RANGE_LOOP_ANALYSIS = YES;
				CLANG_WARN_STRICT_PROTOTYPES = YES;
				CLANG_WARN_SUSPICIOUS_MOVE = YES;
				CLANG_WARN_UNGUARDED_AVAILABILITY = YES_AGGRESSIVE;
				CLANG_WARN_UNREACHABLE_CODE = YES;
				CLANG_WARN__DUPLICATE_METHOD_MATCH = YES;
				COPY_PHASE_STRIP = NO;
				DEBUG_INFORMATION_FORMAT = dwarf;
				DEVELOPMENT_TEAM = YKD3WGN7Q2;
				ENABLE_STRICT_OBJC_MSGSEND = YES;
				ENABLE_TESTABILITY = YES;
				ENABLE_USER_SCRIPT_SANDBOXING = YES;
				GCC_C_LANGUAGE_STANDARD = gnu17;
				GCC_DYNAMIC_NO_PIC = NO;
				GCC_NO_COMMON_BLOCKS = YES;
				GCC_OPTIMIZATION_LEVEL = 0;
				GCC_PREPROCESSOR_DEFINITIONS = (
					"DEBUG=1",
					"$(inherited)",
				);
				GCC_WARN_64_TO_32_BIT_CONVERSION = YES;
				GCC_WARN_ABOUT_RETURN_TYPE = YES_ERROR;
				GCC_WARN_UNDECLARED_SELECTOR = YES;
				GCC_WARN_UNINITIALIZED_AUTOS = YES_AGGRESSIVE;
				GCC_WARN_UNUSED_FUNCTION = YES;
				GCC_WARN_UNUSED_VARIABLE = YES;
				IPHONEOS_DEPLOYMENT_TARGET = 18.5;
				LOCALIZATION_PREFERS_STRING_CATALOGS = YES;
				MTL_ENABLE_DEBUG_INFO = INCLUDE_SOURCE;
				MTL_FAST_MATH = YES;
				ONLY_ACTIVE_ARCH = YES;
				SDKROOT = iphoneos;
				SWIFT_ACTIVE_COMPILATION_CONDITIONS = "DEBUG $(inherited)";
				SWIFT_OPTIMIZATION_LEVEL = "-Onone";
			};
			name = Debug;
		};
		576CCF4B2E6E0EB800D9D8BD /* Release */ = {
			isa = XCBuildConfiguration;
			buildSettings = {
				ALWAYS_SEARCH_USER_PATHS = NO;
				ASSETCATALOG_COMPILER_GENERATE_SWIFT_ASSET_SYMBOL_EXTENSIONS = YES;
				CLANG_ANALYZER_NONNULL = YES;
				CLANG_ANALYZER_NUMBER_OBJECT_CONVERSION = YES_AGGRESSIVE;
				CLANG_CXX_LANGUAGE_STANDARD = "gnu++20";
				CLANG_ENABLE_MODULES = YES;
				CLANG_ENABLE_OBJC_ARC = YES;
				CLANG_ENABLE_OBJC_WEAK = YES;
				CLANG_WARN_BLOCK_CAPTURE_AUTORELEASING = YES;
				CLANG_WARN_BOOL_CONVERSION = YES;
				CLANG_WARN_COMMA = YES;
				CLANG_WARN_CONSTANT_CONVERSION = YES;
				CLANG_WARN_DEPRECATED_OBJC_IMPLEMENTATIONS = YES;
				CLANG_WARN_DIRECT_OBJC_ISA_USAGE = YES_ERROR;
				CLANG_WARN_DOCUMENTATION_COMMENTS = YES;
				CLANG_WARN_EMPTY_BODY = YES;
				CLANG_WARN_ENUM_CONVERSION = YES;
				CLANG_WARN_INFINITE_RECURSION = YES;
				CLANG_WARN_INT_CONVERSION = YES;
				CLANG_WARN_NON_LITERAL_NULL_CONVERSION = YES;
				CLANG_WARN_OBJC_IMPLICIT_RETAIN_SELF = YES;
				CLANG_WARN_OBJC_LITERAL_CONVERSION = YES;
				CLANG_WARN_OBJC_ROOT_CLASS = YES_ERROR;
				CLANG_WARN_QUOTED_INCLUDE_IN_FRAMEWORK_HEADER = YES;
				CLANG_WARN_RANGE_LOOP_ANALYSIS = YES;
				CLANG_WARN_STRICT_PROTOTYPES = YES;
				CLANG_WARN_SUSPICIOUS_MOVE = YES;
				CLANG_WARN_UNGUARDED_AVAILABILITY = YES_AGGRESSIVE;
				CLANG_WARN_UNREACHABLE_CODE = YES;
				CLANG_WARN__DUPLICATE_METHOD_MATCH = YES;
				COPY_PHASE_STRIP = NO;
				DEBUG_INFORMATION_FORMAT = "dwarf-with-dsym";
				DEVELOPMENT_TEAM = YKD3WGN7Q2;
				ENABLE_NS_ASSERTIONS = NO;
				ENABLE_STRICT_OBJC_MSGSEND = YES;
				ENABLE_USER_SCRIPT_SANDBOXING = YES;
				GCC_C_LANGUAGE_STANDARD = gnu17;
				GCC_NO_COMMON_BLOCKS = YES;
				GCC_WARN_64_TO_32_BIT_CONVERSION = YES;
				GCC_WARN_ABOUT_RETURN_TYPE = YES_ERROR;
				GCC_WARN_UNDECLARED_SELECTOR = YES;
				GCC_WARN_UNINITIALIZED_AUTOS = YES_AGGRESSIVE;
				GCC_WARN_UNUSED_FUNCTION = YES;
				GCC_WARN_UNUSED_VARIABLE = YES;
				IPHONEOS_DEPLOYMENT_TARGET = 18.5;
				LOCALIZATION_PREFERS_STRING_CATALOGS = YES;
				MTL_ENABLE_DEBUG_INFO = NO;
				MTL_FAST_MATH = YES;
				SDKROOT = iphoneos;
				SWIFT_COMPILATION_MODE = wholemodule;
				VALIDATE_PRODUCT = YES;
			};
			name = Release;
		};
		576CCF4D2E6E0EB800D9D8BD /* Debug */ = {
			isa = XCBuildConfiguration;
			buildSettings = {
				ASSETCATALOG_COMPILER_APPICON_NAME = AppIcon;
				ASSETCATALOG_COMPILER_GLOBAL_ACCENT_COLOR_NAME = AccentColor;
				CODE_SIGN_STYLE = Automatic;
				CURRENT_PROJECT_VERSION = 1;
				DEVELOPMENT_TEAM = YKD3WGN7Q2;
				ENABLE_PREVIEWS = YES;
				GENERATE_INFOPLIST_FILE = YES;
				INFOPLIST_KEY_UIApplicationSceneManifest_Generation = YES;
				INFOPLIST_KEY_UIApplicationSupportsIndirectInputEvents = YES;
				INFOPLIST_KEY_UILaunchScreen_Generation = YES;
				INFOPLIST_KEY_UISupportedInterfaceOrientations_iPad = "UIInterfaceOrientationPortrait UIInterfaceOrientationPortraitUpsideDown UIInterfaceOrientationLandscapeLeft UIInterfaceOrientationLandscapeRight";
				INFOPLIST_KEY_UISupportedInterfaceOrientations_iPhone = "UIInterfaceOrientationPortrait UIInterfaceOrientationLandscapeLeft UIInterfaceOrientationLandscapeRight";
				LD_RUNPATH_SEARCH_PATHS = (
					"$(inherited)",
					"@executable_path/Frameworks",
				);
				MARKETING_VERSION = 1.0;
				PRODUCT_BUNDLE_IDENTIFIER = com.theeplreview.ios.theEPLreview;
				PRODUCT_NAME = "$(TARGET_NAME)";
				SWIFT_EMIT_LOC_STRINGS = YES;
				SWIFT_VERSION = 5.0;
				TARGETED_DEVICE_FAMILY = "1,2";
			};
			name = Debug;
		};
		576CCF4E2E6E0EB800D9D8BD /* Release */ = {
			isa = XCBuildConfiguration;
			buildSettings = {
				ASSETCATALOG_COMPILER_APPICON_NAME = AppIcon;
				ASSETCATALOG_COMPILER_GLOBAL_ACCENT_COLOR_NAME = AccentColor;
				CODE_SIGN_STYLE = Automatic;
				CURRENT_PROJECT_VERSION = 1;
				DEVELOPMENT_TEAM = YKD3WGN7Q2;
				ENABLE_PREVIEWS = YES;
				GENERATE_INFOPLIST_FILE = YES;
				INFOPLIST_KEY_UIApplicationSceneManifest_Generation = YES;
				INFOPLIST_KEY_UIApplicationSupportsIndirectInputEvents = YES;
				INFOPLIST_KEY_UILaunchScreen_Generation = YES;
				INFOPLIST_KEY_UISupportedInterfaceOrientations_iPad = "UIInterfaceOrientationPortrait UIInterfaceOrientationPortraitUpsideDown UIInterfaceOrientationLandscapeLeft UIInterfaceOrientationLandscapeRight";
				INFOPLIST_KEY_UISupportedInterfaceOrientations_iPhone = "UIInterfaceOrientationPortrait UIInterfaceOrientationLandscapeLeft UIInterfaceOrientationLandscapeRight";
				LD_RUNPATH_SEARCH_PATHS = (
					"$(inherited)",
					"@executable_path/Frameworks",
				);
				MARKETING_VERSION = 1.0;
				PRODUCT_BUNDLE_IDENTIFIER = com.theeplreview.ios.theEPLreview;
				PRODUCT_NAME = "$(TARGET_NAME)";
				SWIFT_EMIT_LOC_STRINGS = YES;
				SWIFT_VERSION = 5.0;
				TARGETED_DEVICE_FAMILY = "1,2";
			};
			name = Release;
		};
		576CCF502E6E0EB800D9D8BD /* Debug */ = {
			isa = XCBuildConfiguration;
			buildSettings = {
				BUNDLE_LOADER = "$(TEST_HOST)";
				CODE_SIGN_STYLE = Automatic;
				CURRENT_PROJECT_VERSION = 1;
				DEVELOPMENT_TEAM = YKD3WGN7Q2;
				GENERATE_INFOPLIST_FILE = YES;
				IPHONEOS_DEPLOYMENT_TARGET = 18.5;
				MARKETING_VERSION = 1.0;
				PRODUCT_BUNDLE_IDENTIFIER = com.theeplreview.ios.theEPLreviewTests;
				PRODUCT_NAME = "$(TARGET_NAME)";
				SWIFT_EMIT_LOC_STRINGS = NO;
				SWIFT_VERSION = 5.0;
				TARGETED_DEVICE_FAMILY = "1,2";
				TEST_HOST = "$(BUILT_PRODUCTS_DIR)/theEPLreview.app/$(BUNDLE_EXECUTABLE_FOLDER_PATH)/theEPLreview";
			};
			name = Debug;
		};
		576CCF512E6E0EB800D9D8BD /* Release */ = {
			isa = XCBuildConfiguration;
			buildSettings = {
				BUNDLE_LOADER = "$(TEST_HOST)";
				CODE_SIGN_STYLE = Automatic;
				CURRENT_PROJECT_VERSION = 1;
				DEVELOPMENT_TEAM = YKD3WGN7Q2;
				GENERATE_INFOPLIST_FILE = YES;
				IPHONEOS_DEPLOYMENT_TARGET = 18.5;
				MARKETING_VERSION = 1.0;
				PRODUCT_BUNDLE_IDENTIFIER = com.theeplreview.ios.theEPLreviewTests;
				PRODUCT_NAME = "$(TARGET_NAME)";
				SWIFT_EMIT_LOC_STRINGS = NO;
				SWIFT_VERSION = 5.0;
				TARGETED_DEVICE_FAMILY = "1,2";
				TEST_HOST = "$(BUILT_PRODUCTS_DIR)/theEPLreview.app/$(BUNDLE_EXECUTABLE_FOLDER_PATH)/theEPLreview";
			};
			name = Release;
		};
		576CCF532E6E0EB800D9D8BD /* Debug */ = {
			isa = XCBuildConfiguration;
			buildSettings = {
				CODE_SIGN_STYLE = Automatic;
				CURRENT_PROJECT_VERSION = 1;
				DEVELOPMENT_TEAM = YKD3WGN7Q2;
				GENERATE_INFOPLIST_FILE = YES;
				MARKETING_VERSION = 1.0;
				PRODUCT_BUNDLE_IDENTIFIER = com.theeplreview.ios.theEPLreviewUITests;
				PRODUCT_NAME = "$(TARGET_NAME)";
				SWIFT_EMIT_LOC_STRINGS = NO;
				SWIFT_VERSION = 5.0;
				TARGETED_DEVICE_FAMILY = "1,2";
				TEST_TARGET_NAME = theEPLreview;
			};
			name = Debug;
		};
		576CCF542E6E0EB800D9D8BD /* Release */ = {
			isa = XCBuildConfiguration;
			buildSettings = {
				CODE_SIGN_STYLE = Automatic;
				CURRENT_PROJECT_VERSION = 1;
				DEVELOPMENT_TEAM = YKD3WGN7Q2;
				GENERATE_INFOPLIST_FILE = YES;
				MARKETING_VERSION = 1.0;
				PRODUCT_BUNDLE_IDENTIFIER = com.theeplreview.ios.theEPLreviewUITests;
				PRODUCT_NAME = "$(TARGET_NAME)";
				SWIFT_EMIT_LOC_STRINGS = NO;
				SWIFT_VERSION = 5.0;
				TARGETED_DEVICE_FAMILY = "1,2";
				TEST_TARGET_NAME = theEPLreview;
			};
			name = Release;
		};
/* End XCBuildConfiguration section */

/* Begin XCConfigurationList section */
		576CCF242E6E0EB500D9D8BD /* Build configuration list for PBXProject "theEPLreview" */ = {
			isa = XCConfigurationList;
			buildConfigurations = (
				576CCF4A2E6E0EB800D9D8BD /* Debug */,
				576CCF4B2E6E0EB800D9D8BD /* Release */,
			);
			defaultConfigurationIsVisible = 0;
			defaultConfigurationName = Release;
		};
		576CCF4C2E6E0EB800D9D8BD /* Build configuration list for PBXNativeTarget "theEPLreview" */ = {
			isa = XCConfigurationList;
			buildConfigurations = (
				576CCF4D2E6E0EB800D9D8BD /* Debug */,
				576CCF4E2E6E0EB800D9D8BD /* Release */,
			);
			defaultConfigurationIsVisible = 0;
			defaultConfigurationName = Release;
		};
		576CCF4F2E6E0EB800D9D8BD /* Build configuration list for PBXNativeTarget "theEPLreviewTests" */ = {
			isa = XCConfigurationList;
			buildConfigurations = (
				576CCF502E6E0EB800D9D8BD /* Debug */,
				576CCF512E6E0EB800D9D8BD /* Release */,
			);
			defaultConfigurationIsVisible = 0;
			defaultConfigurationName = Release;
		};
		576CCF522E6E0EB800D9D8BD /* Build configuration list for PBXNativeTarget "theEPLreviewUITests" */ = {
			isa = XCConfigurationList;
			buildConfigurations = (
				576CCF532E6E0EB800D9D8BD /* Debug */,
				576CCF542E6E0EB800D9D8BD /* Release */,
			);
			defaultConfigurationIsVisible = 0;
			defaultConfigurationName = Release;
		};
/* End XCConfigurationList section */
	};
	rootObject = 576CCF212E6E0EB500D9D8BD /* Project object */;
}
